
Microsoft Visual Studio Solution File, Format Version 12.00
# Visual Studio Version 17
VisualStudioVersion = 17.0.32126.317
MinimumVisualStudioVersion = 10.0.40219.1
Project("{8BC9CEB8-8B4A-11D0-8D11-00A0C91BC942}") = "ArduinoVS", "ArduinoVS\ArduinoVS.vcxproj", "{97521D33-4327-4D29-88E5-58F72C66D952}"
EndProject
Project("{8BC9CEB8-8B4A-11D0-8D11-00A0C91BC942}") = "ArduinoVS.UnitTest", "ArduinoVS.UnitTest\ArduinoVS.UnitTest.vcxproj", "{1152A4D0-DF52-4E3F-911D-9CD293CDD601}"
EndProject
Global
	GlobalSection(SolutionConfigurationPlatforms) = preSolution
		Debug|x64 = Debug|x64
		Debug|x86 = Debug|x86
		Release|x64 = Release|x64
		Release|x86 = Release|x86
	EndGlobalSection
	GlobalSection(ProjectConfigurationPlatforms) = postSolution
		{97521D33-4327-4D29-88E5-58F72C66D952}.Debug|x64.ActiveCfg = Debug|Win32
		{97521D33-4327-4D29-88E5-58F72C66D952}.Debug|x64.Build.0 = Debug|Win32
		{97521D33-4327-4D29-88E5-58F72C66D952}.Debug|x86.ActiveCfg = Debug|Win32
		{97521D33-4327-4D29-88E5-58F72C66D952}.Debug|x86.Build.0 = Debug|Win32
		{97521D33-4327-4D29-88E5-58F72C66D952}.Release|x64.ActiveCfg = Release|Win32
		{97521D33-4327-4D29-88E5-58F72C66D952}.Release|x64.Build.0 = Release|Win32
		{97521D33-4327-4D29-88E5-58F72C66D952}.Release|x86.ActiveCfg = Release|Win32
		{97521D33-4327-4D29-88E5-58F72C66D952}.Release|x86.Build.0 = Release|Win32
		{1152A4D0-DF52-4E3F-911D-9CD293CDD601}.Debug|x64.ActiveCfg = Debug|x64
		{1152A4D0-DF52-4E3F-911D-9CD293CDD601}.Debug|x64.Build.0 = Debug|x64
		{1152A4D0-DF52-4E3F-911D-9CD293CDD601}.Debug|x86.ActiveCfg = Debug|Win32
		{1152A4D0-DF52-4E3F-911D-9CD293CDD601}.Debug|x86.Build.0 = Debug|Win32
		{1152A4D0-DF52-4E3F-911D-9CD293CDD601}.Release|x64.ActiveCfg = Release|x64
		{1152A4D0-DF52-4E3F-911D-9CD293CDD601}.Release|x64.Build.0 = Release|x64
		{1152A4D0-DF52-4E3F-911D-9CD293CDD601}.Release|x86.ActiveCfg = Release|Win32
		{1152A4D0-DF52-4E3F-911D-9CD293CDD601}.Release|x86.Build.0 = Release|Win32
	EndGlobalSection
	GlobalSection(SolutionProperties) = preSolution
		HideSolutionNode = FALSE
	EndGlobalSection
	GlobalSection(ExtensibilityGlobals) = postSolution
		SolutionGuid = {77227C83-FE53-48E5-9A5A-686F7EE38A03}
	EndGlobalSection
EndGlobal
